
Microsoft Visual Studio Solution File, Format Version 12.00
# Visual Studio Version 17
VisualStudioVersion = 17.1.32210.238
MinimumVisualStudioVersion = 10.0.40219.1
Project("{FAE04EC0-301F-11D3-BF4B-00C04F79EFBC}") = "webFormsE", "webFormsE\webFormsE.csproj", "{00AEC582-E3C9-45E0-8150-C494674B504F}"
EndProject
Project("{FAE04EC0-301F-11D3-BF4B-00C04F79EFBC}") = "Modeli", "Modeli\Modeli.csproj", "{5DAB4EEF-B1BF-4D39-B74E-6658A7958D54}"
EndProject
Project("{FAE04EC0-301F-11D3-BF4B-00C04F79EFBC}") = "BusinessLayer", "BusinessLayer\BusinessLayer.csproj", "{B5E4A079-491B-42DC-B63C-3402B0AC1D1C}"
EndProject
Global
	GlobalSection(SolutionConfigurationPlatforms) = preSolution
		Debug|Any CPU = Debug|Any CPU
		Release|Any CPU = Release|Any CPU
	EndGlobalSection
	GlobalSection(ProjectConfigurationPlatforms) = postSolution
		{00AEC582-E3C9-45E0-8150-C494674B504F}.Debug|Any CPU.ActiveCfg = Debug|Any CPU
		{00AEC582-E3C9-45E0-8150-C494674B504F}.Debug|Any CPU.Build.0 = Debug|Any CPU
		{00AEC582-E3C9-45E0-8150-C494674B504F}.Release|Any CPU.ActiveCfg = Release|Any CPU
		{00AEC582-E3C9-45E0-8150-C494674B504F}.Release|Any CPU.Build.0 = Release|Any CPU
		{5DAB4EEF-B1BF-4D39-B74E-6658A7958D54}.Debug|Any CPU.ActiveCfg = Debug|Any CPU
		{5DAB4EEF-B1BF-4D39-B74E-6658A7958D54}.Debug|Any CPU.Build.0 = Debug|Any CPU
		{5DAB4EEF-B1BF-4D39-B74E-6658A7958D54}.Release|Any CPU.ActiveCfg = Release|Any CPU
		{5DAB4EEF-B1BF-4D39-B74E-6658A7958D54}.Release|Any CPU.Build.0 = Release|Any CPU
		{B5E4A079-491B-42DC-B63C-3402B0AC1D1C}.Debug|Any CPU.ActiveCfg = Debug|Any CPU
		{B5E4A079-491B-42DC-B63C-3402B0AC1D1C}.Debug|Any CPU.Build.0 = Debug|Any CPU
		{B5E4A079-491B-42DC-B63C-3402B0AC1D1C}.Release|Any CPU.ActiveCfg = Release|Any CPU
		{B5E4A079-491B-42DC-B63C-3402B0AC1D1C}.Release|Any CPU.Build.0 = Release|Any CPU
	EndGlobalSection
	GlobalSection(SolutionProperties) = preSolution
		HideSolutionNode = FALSE
	EndGlobalSection
	GlobalSection(ExtensibilityGlobals) = postSolution
		SolutionGuid = {5B26CEDA-8593-4761-B60C-2DDC2DE66D2C}
	EndGlobalSection
EndGlobal
